
Microsoft Visual Studio Solution File, Format Version 12.00
# Visual Studio Version 17
VisualStudioVersion = 17.2.32630.192
MinimumVisualStudioVersion = 10.0.40219.1
Project("{FAE04EC0-301F-11D3-BF4B-00C04F79EFBC}") = "Basic", "Basic\Basic.csproj", "{C0B311A1-C044-4930-9B8F-23B7AF9345B9}"
EndProject
Global
	GlobalSection(SolutionConfigurationPlatforms) = preSolution
		Debug|Any CPU = Debug|Any CPU
		Release|Any CPU = Release|Any CPU
	EndGlobalSection
	GlobalSection(ProjectConfigurationPlatforms) = postSolution
		{C0B311A1-C044-4930-9B8F-23B7AF9345B9}.Debug|Any CPU.ActiveCfg = Debug|Any CPU
		{C0B311A1-C044-4930-9B8F-23B7AF9345B9}.Debug|Any CPU.Build.0 = Debug|Any CPU
		{C0B311A1-C044-4930-9B8F-23B7AF9345B9}.Release|Any CPU.ActiveCfg = Release|Any CPU
		{C0B311A1-C044-4930-9B8F-23B7AF9345B9}.Release|Any CPU.Build.0 = Release|Any CPU
	EndGlobalSection
	GlobalSection(SolutionProperties) = preSolution
		HideSolutionNode = FALSE
	EndGlobalSection
	GlobalSection(ExtensibilityGlobals) = postSolution
		SolutionGuid = {7937F9BC-1D5B-4290-9821-C06FEB7ABBB2}
	EndGlobalSection
EndGlobal
